
Microsoft Visual Studio Solution File, Format Version 12.00
# Visual Studio Version 16
VisualStudioVersion = 16.0.30611.23
MinimumVisualStudioVersion = 10.0.40219.1
Project("{FAE04EC0-301F-11D3-BF4B-00C04F79EFBC}") = "CPL_Converter", "CPL_Converter.csproj", "{C04F2BE8-3B9D-43B0-86BE-AFA04EA83908}"
EndProject
Global
	GlobalSection(SolutionConfigurationPlatforms) = preSolution
		Debug|Any CPU = Debug|Any CPU
		Release|Any CPU = Release|Any CPU
	EndGlobalSection
	GlobalSection(ProjectConfigurationPlatforms) = postSolution
		{C04F2BE8-3B9D-43B0-86BE-AFA04EA83908}.Debug|Any CPU.ActiveCfg = Debug|Any CPU
		{C04F2BE8-3B9D-43B0-86BE-AFA04EA83908}.Debug|Any CPU.Build.0 = Debug|Any CPU
		{C04F2BE8-3B9D-43B0-86BE-AFA04EA83908}.Release|Any CPU.ActiveCfg = Release|Any CPU
		{C04F2BE8-3B9D-43B0-86BE-AFA04EA83908}.Release|Any CPU.Build.0 = Release|Any CPU
	EndGlobalSection
	GlobalSection(SolutionProperties) = preSolution
		HideSolutionNode = FALSE
	EndGlobalSection
	GlobalSection(ExtensibilityGlobals) = postSolution
		SolutionGuid = {C83C322A-6296-43E9-9FF1-7406EC3F1832}
	EndGlobalSection
EndGlobal
